// !$*UTF8*$!
{
	archiveVersion = 1;
	classes = {
	};
	objectVersion = 46;
	objects = {

/* Begin PBXBuildFile section */
		2F5FEFB51AD0E1AC00A21468 /* AppDelegate.swift in Sources */ = {isa = PBXBuildFile; fileRef = 2F5FEFB41AD0E1AC00A21468 /* AppDelegate.swift */; };
		2F5FEFB71AD0E1AC00A21468 /* ViewController.swift in Sources */ = {isa = PBXBuildFile; fileRef = 2F5FEFB61AD0E1AC00A21468 /* ViewController.swift */; };
		2F5FEFBA1AD0E1AC00A21468 /* Main.storyboard in Resources */ = {isa = PBXBuildFile; fileRef = 2F5FEFB81AD0E1AC00A21468 /* Main.storyboard */; };
		2F5FEFBC1AD0E1AC00A21468 /* Images.xcassets in Resources */ = {isa = PBXBuildFile; fileRef = 2F5FEFBB1AD0E1AC00A21468 /* Images.xcassets */; };
		2F5FEFBF1AD0E1AC00A21468 /* LaunchScreen.xib in Resources */ = {isa = PBXBuildFile; fileRef = 2F5FEFBD1AD0E1AC00A21468 /* LaunchScreen.xib */; };
		2F5FEFCB1AD0E1AC00A21468 /* TimerTests.swift in Sources */ = {isa = PBXBuildFile; fileRef = 2F5FEFCA1AD0E1AC00A21468 /* TimerTests.swift */; };
/* End PBXBuildFile section */

/* Begin PBXContainerItemProxy section */
		2F5FEFC51AD0E1AC00A21468 /* PBXContainerItemProxy */ = {
			isa = PBXContainerItemProxy;
			containerPortal = 2F5FEFA71AD0E1AC00A21468 /* Project object */;
			proxyType = 1;
			remoteGlobalIDString = 2F5FEFAE1AD0E1AC00A21468;
			remoteInfo = Timer;
		};
/* End PBXContainerItemProxy section */

/* Begin PBXFileReference section */
		2F5FEFAF1AD0E1AC00A21468 /* Timer.app */ = {isa = PBXFileReference; explicitFileType = wrapper.application; includeInIndex = 0; path = Timer.app; sourceTree = BUILT_PRODUCTS_DIR; };
		2F5FEFB31AD0E1AC00A21468 /* Info.plist */ = {isa = PBXFileReference; lastKnownFileType = text.plist.xml; path = Info.plist; sourceTree = "<group>"; };
		2F5FEFB41AD0E1AC00A21468 /* AppDelegate.swift */ = {isa = PBXFileReference; lastKnownFileType = sourcecode.swift; path = AppDelegate.swift; sourceTree = "<group>"; };
		2F5FEFB61AD0E1AC00A21468 /* ViewController.swift */ = {isa = PBXFileReference; lastKnownFileType = sourcecode.swift; path = ViewController.swift; sourceTree = "<group>"; };
		2F5FEFB91AD0E1AC00A21468 /* Base */ = {isa = PBXFileReference; lastKnownFileType = file.storyboard; name = Base; path = Base.lproj/Main.storyboard; sourceTree = "<group>"; };
		2F5FEFBB1AD0E1AC00A21468 /* Images.xcassets */ = {isa = PBXFileReference; lastKnownFileType = folder.assetcatalog; path = Images.xcassets; sourceTree = "<group>"; };
		2F5FEFBE1AD0E1AC00A21468 /* Base */ = {isa = PBXFileReference; lastKnownFileType = file.xib; name = Base; path = Base.lproj/LaunchScreen.xib; sourceTree = "<group>"; };
		2F5FEFC41AD0E1AC00A21468 /* TimerTests.xctest */ = {isa = PBXFileReference; explicitFileType = wrapper.cfbundle; includeInIndex = 0; path = TimerTests.xctest; sourceTree = BUILT_PRODUCTS_DIR; };
		2F5FEFC91AD0E1AC00A21468 /* Info.plist */ = {isa = PBXFileReference; lastKnownFileType = text.plist.xml; path = Info.plist; sourceTree = "<group>"; };
		2F5FEFCA1AD0E1AC00A21468 /* TimerTests.swift */ = {isa = PBXFileReference; lastKnownFileType = sourcecode.swift; path = TimerTests.swift; sourceTree = "<group>"; };
/* End PBXFileReference section */

/* Begin PBXFrameworksBuildPhase section */
		2F5FEFAC1AD0E1AC00A21468 /* Frameworks */ = {
			isa = PBXFrameworksBuildPhase;
			buildActionMask = 2147483647;
			files = (
			);
			runOnlyForDeploymentPostprocessing = 0;
		};
		2F5FEFC11AD0E1AC00A21468 /* Frameworks */ = {
			isa = PBXFrameworksBuildPhase;
			buildActionMask = 2147483647;
			files = (
			);
			runOnlyForDeploymentPostprocessing = 0;
		};
/* End PBXFrameworksBuildPhase section */

/* Begin PBXGroup section */
		2F5FEFA61AD0E1AC00A21468 = {
			isa = PBXGroup;
			children = (
				2F5FEFB11AD0E1AC00A21468 /* Timer */,
				2F5FEFC71AD0E1AC00A21468 /* TimerTests */,
				2F5FEFB01AD0E1AC00A21468 /* Products */,
			);
			sourceTree = "<group>";
		};
		2F5FEFB01AD0E1AC00A21468 /* Products */ = {
			isa = PBXGroup;
			children = (
				2F5FEFAF1AD0E1AC00A21468 /* Timer.app */,
				2F5FEFC41AD0E1AC00A21468 /* TimerTests.xctest */,
			);
			name = Products;
			sourceTree = "<group>";
		};
		2F5FEFB11AD0E1AC00A21468 /* Timer */ = {
			isa = PBXGroup;
			children = (
				2F5FEFB41AD0E1AC00A21468 /* AppDelegate.swift */,
				2F5FEFB61AD0E1AC00A21468 /* ViewController.swift */,
				2F5FEFB81AD0E1AC00A21468 /* Main.storyboard */,
				2F5FEFBB1AD0E1AC00A21468 /* Images.xcassets */,
				2F5FEFBD1AD0E1AC00A21468 /* LaunchScreen.xib */,
				2F5FEFB21AD0E1AC00A21468 /* Supporting Files */,
			);
			path = Timer;
			sourceTree = "<group>";
		};
		2F5FEFB21AD0E1AC00A21468 /* Supporting Files */ = {
			isa = PBXGroup;
			children = (
				2F5FEFB31AD0E1AC00A21468 /* Info.plist */,
			);
			name = "Supporting Files";
			sourceTree = "<group>";
		};
		2F5FEFC71AD0E1AC00A21468 /* TimerTests */ = {
			isa = PBXGroup;
			children = (
				2F5FEFCA1AD0E1AC00A21468 /* TimerTests.swift */,
				2F5FEFC81AD0E1AC00A21468 /* Supporting Files */,
			);
			path = TimerTests;
			sourceTree = "<group>";
		};
		2F5FEFC81AD0E1AC00A21468 /* Supporting Files */ = {
			isa = PBXGroup;
			children = (
				2F5FEFC91AD0E1AC00A21468 /* Info.plist */,
			);
			name = "Supporting Files";
			sourceTree = "<group>";
		};
/* End PBXGroup section */

/* Begin PBXNativeTarget section */
		2F5FEFAE1AD0E1AC00A21468 /* Timer */ = {
			isa = PBXNativeTarget;
			buildConfigurationList = 2F5FEFCE1AD0E1AC00A21468 /* Build configuration list for PBXNativeTarget "Timer" */;
			buildPhases = (
				2F5FEFAB1AD0E1AC00A21468 /* Sources */,
				2F5FEFAC1AD0E1AC00A21468 /* Frameworks */,
				2F5FEFAD1AD0E1AC00A21468 /* Resources */,
			);
			buildRules = (
			);
			dependencies = (
			);
			name = Timer;
			productName = Timer;
			productReference = 2F5FEFAF1AD0E1AC00A21468 /* Timer.app */;
			productType = "com.apple.product-type.application";
		};
		2F5FEFC31AD0E1AC00A21468 /* TimerTests */ = {
			isa = PBXNativeTarget;
			buildConfigurationList = 2F5FEFD11AD0E1AC00A21468 /* Build configuration list for PBXNativeTarget "TimerTests" */;
			buildPhases = (
				2F5FEFC01AD0E1AC00A21468 /* Sources */,
				2F5FEFC11AD0E1AC00A21468 /* Frameworks */,
				2F5FEFC21AD0E1AC00A21468 /* Resources */,
			);
			buildRules = (
			);
			dependencies = (
				2F5FEFC61AD0E1AC00A21468 /* PBXTargetDependency */,
			);
			name = TimerTests;
			productName = TimerTests;
			productReference = 2F5FEFC41AD0E1AC00A21468 /* TimerTests.xctest */;
			productType = "com.apple.product-type.bundle.unit-test";
		};
/* End PBXNativeTarget section */

/* Begin PBXProject section */
		2F5FEFA71AD0E1AC00A21468 /* Project object */ = {
			isa = PBXProject;
			attributes = {
				LastUpgradeCheck = 0630;
				ORGANIZATIONNAME = "Tyler Poland";
				TargetAttributes = {
					2F5FEFAE1AD0E1AC00A21468 = {
						CreatedOnToolsVersion = 6.3;
					};
					2F5FEFC31AD0E1AC00A21468 = {
						CreatedOnToolsVersion = 6.3;
						TestTargetID = 2F5FEFAE1AD0E1AC00A21468;
					};
				};
			};
			buildConfigurationList = 2F5FEFAA1AD0E1AC00A21468 /* Build configuration list for PBXProject "Timer" */;
			compatibilityVersion = "Xcode 3.2";
			developmentRegion = English;
			hasScannedForEncodings = 0;
			knownRegions = (
				en,
				Base,
			);
			mainGroup = 2F5FEFA61AD0E1AC00A21468;
			productRefGroup = 2F5FEFB01AD0E1AC00A21468 /* Products */;
			projectDirPath = "";
			projectRoot = "";
			targets = (
				2F5FEFAE1AD0E1AC00A21468 /* Timer */,
				2F5FEFC31AD0E1AC00A21468 /* TimerTests */,
			);
		};
/* End PBXProject section */

/* Begin PBXResourcesBuildPhase section */
		2F5FEFAD1AD0E1AC00A21468 /* Resources */ = {
			isa = PBXResourcesBuildPhase;
			buildActionMask = 2147483647;
			files = (
				2F5FEFBA1AD0E1AC00A21468 /* Main.storyboard in Resources */,
				2F5FEFBF1AD0E1AC00A21468 /* LaunchScreen.xib in Resources */,
				2F5FEFBC1AD0E1AC00A21468 /* Images.xcassets in Resources */,
			);
			runOnlyForDeploymentPostprocessing = 0;
		};
		2F5FEFC21AD0E1AC00A21468 /* Resources */ = {
			isa = PBXResourcesBuildPhase;
			buildActionMask = 2147483647;
			files = (
			);
			runOnlyForDeploymentPostprocessing = 0;
		};
/* End PBXResourcesBuildPhase section */

/* Begin PBXSourcesBuildPhase section */
		2F5FEFAB1AD0E1AC00A21468 /* Sources */ = {
			isa = PBXSourcesBuildPhase;
			buildActionMask = 2147483647;
			files = (
				2F5FEFB71AD0E1AC00A21468 /* ViewController.swift in Sources */,
				2F5FEFB51AD0E1AC00A21468 /* AppDelegate.swift in Sources */,
			);
			runOnlyForDeploymentPostprocessing = 0;
		};
		2F5FEFC01AD0E1AC00A21468 /* Sources */ = {
			isa = PBXSourcesBuildPhase;
			buildActionMask = 2147483647;
			files = (
				2F5FEFCB1AD0E1AC00A21468 /* TimerTests.swift in Sources */,
			);
			runOnlyForDeploymentPostprocessing = 0;
		};
/* End PBXSourcesBuildPhase section */

/* Begin PBXTargetDependency section */
		2F5FEFC61AD0E1AC00A21468 /* PBXTargetDependency */ = {
			isa = PBXTargetDependency;
			target = 2F5FEFAE1AD0E1AC00A21468 /* Timer */;
			targetProxy = 2F5FEFC51AD0E1AC00A21468 /* PBXContainerItemProxy */;
		};
/* End PBXTargetDependency section */

/* Begin PBXVariantGroup section */
		2F5FEFB81AD0E1AC00A21468 /* Main.storyboard */ = {
			isa = PBXVariantGroup;
			children = (
				2F5FEFB91AD0E1AC00A21468 /* Base */,
			);
			name = Main.storyboard;
			sourceTree = "<group>";
		};
		2F5FEFBD1AD0E1AC00A21468 /* LaunchScreen.xib */ = {
			isa = PBXVariantGroup;
			children = (
				2F5FEFBE1AD0E1AC00A21468 /* Base */,
			);
			name = LaunchScreen.xib;
			sourceTree = "<group>";
		};
/* End PBXVariantGroup section */

/* Begin XCBuildConfiguration section */
		2F5FEFCC1AD0E1AC00A21468 /* Debug */ = {
			isa = XCBuildConfiguration;
			buildSettings = {
				ALWAYS_SEARCH_USER_PATHS = NO;
				CLANG_CXX_LANGUAGE_STANDARD = "gnu++0x";
				CLANG_CXX_LIBRARY = "libc++";
				CLANG_ENABLE_MODULES = YES;
				CLANG_ENABLE_OBJC_ARC = YES;
				CLANG_WARN_BOOL_CONVERSION = YES;
				CLANG_WARN_CONSTANT_CONVERSION = YES;
				CLANG_WARN_DIRECT_OBJC_ISA_USAGE = YES_ERROR;
				CLANG_WARN_EMPTY_BODY = YES;
				CLANG_WARN_ENUM_CONVERSION = YES;
				CLANG_WARN_INT_CONVERSION = YES;
				CLANG_WARN_OBJC_ROOT_CLASS = YES_ERROR;
				CLANG_WARN_UNREACHABLE_CODE = YES;
				CLANG_WARN__DUPLICATE_METHOD_MATCH = YES;
				"CODE_SIGN_IDENTITY[sdk=iphoneos*]" = "iPhone Developer";
				COPY_PHASE_STRIP = NO;
				DEBUG_INFORMATION_FORMAT = "dwarf-with-dsym";
				ENABLE_STRICT_OBJC_MSGSEND = YES;
				GCC_C_LANGUAGE_STANDARD = gnu99;
				GCC_DYNAMIC_NO_PIC = NO;
				GCC_NO_COMMON_BLOCKS = YES;
				GCC_OPTIMIZATION_LEVEL = 0;
				GCC_PREPROCESSOR_DEFINITIONS = (
					"DEBUG=1",
					"$(inherited)",
				);
				GCC_SYMBOLS_PRIVATE_EXTERN = NO;
				GCC_WARN_64_TO_32_BIT_CONVERSION = YES;
				GCC_WARN_ABOUT_RETURN_TYPE = YES_ERROR;
				GCC_WARN_UNDECLARED_SELECTOR = YES;
				GCC_WARN_UNINITIALIZED_AUTOS = YES_AGGRESSIVE;
				GCC_WARN_UNUSED_FUNCTION = YES;
				GCC_WARN_UNUSED_VARIABLE = YES;
				IPHONEOS_DEPLOYMENT_TARGET = 8.3;
				MTL_ENABLE_DEBUG_INFO = YES;
				ONLY_ACTIVE_ARCH = YES;
				SDKROOT = iphoneos;
				SWIFT_OPTIMIZATION_LEVEL = "-Onone";
			};
			name = Debug;
		};
		2F5FEFCD1AD0E1AC00A21468 /* Release */ = {
			isa = XCBuildConfiguration;
			buildSettings = {
				ALWAYS_SEARCH_USER_PATHS = NO;
				CLANG_CXX_LANGUAGE_STANDARD = "gnu++0x";
				CLANG_CXX_LIBRARY = "libc++";
				CLANG_ENABLE_MODULES = YES;
				CLANG_ENABLE_OBJC_ARC = YES;
				CLANG_WARN_BOOL_CONVERSION = YES;
				CLANG_WARN_CONSTANT_CONVERSION = YES;
				CLANG_WARN_DIRECT_OBJC_ISA_USAGE = YES_ERROR;
				CLANG_WARN_EMPTY_BODY = YES;
				CLANG_WARN_ENUM_CONVERSION = YES;
				CLANG_WARN_INT_CONVERSION = YES;
				CLANG_WARN_OBJC_ROOT_CLASS = YES_ERROR;
				CLANG_WARN_UNREACHABLE_CODE = YES;
				CLANG_WARN__DUPLICATE_METHOD_MATCH = YES;
				"CODE_SIGN_IDENTITY[sdk=iphoneos*]" = "iPhone Developer";
				COPY_PHASE_STRIP = NO;
				DEBUG_INFORMATION_FORMAT = "dwarf-with-dsym";
				ENABLE_NS_ASSERTIONS = NO;
				ENABLE_STRICT_OBJC_MSGSEND = YES;
				GCC_C_LANGUAGE_STANDARD = gnu99;
				GCC_NO_COMMON_BLOCKS = YES;
				GCC_WARN_64_TO_32_BIT_CONVERSION = YES;
				GCC_WARN_ABOUT_RETURN_TYPE = YES_ERROR;
				GCC_WARN_UNDECLARED_SELECTOR = YES;
				GCC_WARN_UNINITIALIZED_AUTOS = YES_AGGRESSIVE;
				GCC_WARN_UNUSED_FUNCTION = YES;
				GCC_WARN_UNUSED_VARIABLE = YES;
				IPHONEOS_DEPLOYMENT_TARGET = 8.3;
				MTL_ENABLE_DEBUG_INFO = NO;
				SDKROOT = iphoneos;
				VALIDATE_PRODUCT = YES;
			};
			name = Release;
		};
		2F5FEFCF1AD0E1AC00A21468 /* Debug */ = {
			isa = XCBuildConfiguration;
			buildSettings = {
				ASSETCATALOG_COMPILER_APPICON_NAME = AppIcon;
				INFOPLIST_FILE = Timer/Info.plist;
				LD_RUNPATH_SEARCH_PATHS = "$(inherited) @executable_path/Frameworks";
				PRODUCT_NAME = "$(TARGET_NAME)";
			};
			name = Debug;
		};
		2F5FEFD01AD0E1AC00A21468 /* Release */ = {
			isa = XCBuildConfiguration;
			buildSettings = {
				ASSETCATALOG_COMPILER_APPICON_NAME = AppIcon;
				INFOPLIST_FILE = Timer/Info.plist;
				LD_RUNPATH_SEARCH_PATHS = "$(inherited) @executable_path/Frameworks";
				PRODUCT_NAME = "$(TARGET_NAME)";
			};
			name = Release;
		};
		2F5FEFD21AD0E1AC00A21468 /* Debug */ = {
			isa = XCBuildConfiguration;
			buildSettings = {
				BUNDLE_LOADER = "$(TEST_HOST)";
				FRAMEWORK_SEARCH_PATHS = (
					"$(SDKROOT)/Developer/Library/Frameworks",
					"$(inherited)",
				);
				GCC_PREPROCESSOR_DEFINITIONS = (
					"DEBUG=1",
					"$(inherited)",
				);
				INFOPLIST_FILE = TimerTests/Info.plist;
				LD_RUNPATH_SEARCH_PATHS = "$(inherited) @executable_path/Frameworks @loader_path/Frameworks";
				PRODUCT_NAME = "$(TARGET_NAME)";
				TEST_HOST = "$(BUILT_PRODUCTS_DIR)/Timer.app/Timer";
			};
			name = Debug;
		};
		2F5FEFD31AD0E1AC00A21468 /* Release */ = {
			isa = XCBuildConfiguration;
			buildSettings = {
				BUNDLE_LOADER = "$(TEST_HOST)";
				FRAMEWORK_SEARCH_PATHS = (
					"$(SDKROOT)/Developer/Library/Frameworks",
					"$(inherited)",
				);
				INFOPLIST_FILE = TimerTests/Info.plist;
				LD_RUNPATH_SEARCH_PATHS = "$(inherited) @executable_path/Frameworks @loader_path/Frameworks";
				PRODUCT_NAME = "$(TARGET_NAME)";
				TEST_HOST = "$(BUILT_PRODUCTS_DIR)/Timer.app/Timer";
			};
			name = Release;
		};
/* End XCBuildConfiguration section */

/* Begin XCConfigurationList section */
		2F5FEFAA1AD0E1AC00A21468 /* Build configuration list for PBXProject "Timer" */ = {
			isa = XCConfigurationList;
			buildConfigurations = (
				2F5FEFCC1AD0E1AC00A21468 /* Debug */,
				2F5FEFCD1AD0E1AC00A21468 /* Release */,
			);
			defaultConfigurationIsVisible = 0;
			defaultConfigurationName = Release;
		};
		2F5FEFCE1AD0E1AC00A21468 /* Build configuration list for PBXNativeTarget "Timer" */ = {
			isa = XCConfigurationList;
			buildConfigurations = (
				2F5FEFCF1AD0E1AC00A21468 /* Debug */,
				2F5FEFD01AD0E1AC00A21468 /* Release */,
			);
			defaultConfigurationIsVisible = 0;
		};
		2F5FEFD11AD0E1AC00A21468 /* Build configuration list for PBXNativeTarget "TimerTests" */ = {
			isa = XCConfigurationList;
			buildConfigurations = (
				2F5FEFD21AD0E1AC00A21468 /* Debug */,
				2F5FEFD31AD0E1AC00A21468 /* Release */,
			);
			defaultConfigurationIsVisible = 0;
		};
/* End XCConfigurationList section */
	};
	rootObject = 2F5FEFA71AD0E1AC00A21468 /* Project object */;
}
